
Microsoft Visual Studio Solution File, Format Version 12.00
# Visual Studio Version 17
VisualStudioVersion = 17.1.31911.260
MinimumVisualStudioVersion = 10.0.40219.1
Project("{9A19103F-16F7-4668-BE54-9A1E7A4F7556}") = "Filament_Data", "Filament_Data\Filament_Data.csproj", "{4BC012FE-50AC-4275-A724-CA548B708D56}"
EndProject
Project("{9A19103F-16F7-4668-BE54-9A1E7A4F7556}") = "FilamentDataUnitTests", "FilamentDataUnitTests\FilamentDataUnitTests.csproj", "{A590FE7D-66EA-4A06-959B-4BFAD59AD810}"
EndProject
Project("{9A19103F-16F7-4668-BE54-9A1E7A4F7556}") = "Filament.WPF6", "Filament.WPF6\Filament.WPF6.csproj", "{3DBDFEA2-DDB9-418B-8258-11F5D1B2704A}"
EndProject
Project("{9A19103F-16F7-4668-BE54-9A1E7A4F7556}") = "Filament_Db", "Filament_Db\Filament_Db.csproj", "{D40F2098-4197-4632-8BEE-B939529B11A7}"
EndProject
Project("{9A19103F-16F7-4668-BE54-9A1E7A4F7556}") = "HintLib", "HintLib\HintLib.csproj", "{97375FB4-0354-4A71-89D2-85C04C721993}"
EndProject
Project("{FAE04EC0-301F-11D3-BF4B-00C04F79EFBC}") = "Filament.UWP", "Filament.UWP\Filament.UWP.csproj", "{C5E72C5C-731A-4184-989B-E8FCB9AD3412}"
EndProject
Project("{9A19103F-16F7-4668-BE54-9A1E7A4F7556}") = "DataDefinitions", "DataDefinitions\DataDefinitions.csproj", "{4D74D11A-CD12-471F-AC7E-4ED10AC0758C}"
EndProject
Project("{9A19103F-16F7-4668-BE54-9A1E7A4F7556}") = "Filament.UWP.Core", "Filament.UWP.Core\Filament.UWP.Core.csproj", "{CCB0E993-2DFE-4C01-951E-B2225EB73D10}"
EndProject
Project("{9A19103F-16F7-4668-BE54-9A1E7A4F7556}") = "DataContext", "DataContext\DataContext.csproj", "{560CF6E0-71F4-41FE-A4FE-5CADC72A8F0D}"
EndProject
Project("{FAE04EC0-301F-11D3-BF4B-00C04F79EFBC}") = "MigrateUWP", "MigrateUWP\MigrateUWP.csproj", "{03830794-11B6-47D9-BD15-96F85E2EE392}"
EndProject
Global
	GlobalSection(SolutionConfigurationPlatforms) = preSolution
		Debug|Any CPU = Debug|Any CPU
		Debug|ARM = Debug|ARM
		Debug|x64 = Debug|x64
		Debug|x86 = Debug|x86
		Release|Any CPU = Release|Any CPU
		Release|ARM = Release|ARM
		Release|x64 = Release|x64
		Release|x86 = Release|x86
	EndGlobalSection
	GlobalSection(ProjectConfigurationPlatforms) = postSolution
		{4BC012FE-50AC-4275-A724-CA548B708D56}.Debug|Any CPU.ActiveCfg = Debug|Any CPU
		{4BC012FE-50AC-4275-A724-CA548B708D56}.Debug|Any CPU.Build.0 = Debug|Any CPU
		{4BC012FE-50AC-4275-A724-CA548B708D56}.Debug|ARM.ActiveCfg = Debug|Any CPU
		{4BC012FE-50AC-4275-A724-CA548B708D56}.Debug|ARM.Build.0 = Debug|Any CPU
		{4BC012FE-50AC-4275-A724-CA548B708D56}.Debug|x64.ActiveCfg = Debug|Any CPU
		{4BC012FE-50AC-4275-A724-CA548B708D56}.Debug|x64.Build.0 = Debug|Any CPU
		{4BC012FE-50AC-4275-A724-CA548B708D56}.Debug|x86.ActiveCfg = Debug|Any CPU
		{4BC012FE-50AC-4275-A724-CA548B708D56}.Debug|x86.Build.0 = Debug|Any CPU
		{4BC012FE-50AC-4275-A724-CA548B708D56}.Release|Any CPU.ActiveCfg = Release|Any CPU
		{4BC012FE-50AC-4275-A724-CA548B708D56}.Release|Any CPU.Build.0 = Release|Any CPU
		{4BC012FE-50AC-4275-A724-CA548B708D56}.Release|ARM.ActiveCfg = Release|Any CPU
		{4BC012FE-50AC-4275-A724-CA548B708D56}.Release|ARM.Build.0 = Release|Any CPU
		{4BC012FE-50AC-4275-A724-CA548B708D56}.Release|x64.ActiveCfg = Release|Any CPU
		{4BC012FE-50AC-4275-A724-CA548B708D56}.Release|x64.Build.0 = Release|Any CPU
		{4BC012FE-50AC-4275-A724-CA548B708D56}.Release|x86.ActiveCfg = Release|Any CPU
		{4BC012FE-50AC-4275-A724-CA548B708D56}.Release|x86.Build.0 = Release|Any CPU
		{A590FE7D-66EA-4A06-959B-4BFAD59AD810}.Debug|Any CPU.ActiveCfg = Debug|Any CPU
		{A590FE7D-66EA-4A06-959B-4BFAD59AD810}.Debug|Any CPU.Build.0 = Debug|Any CPU
		{A590FE7D-66EA-4A06-959B-4BFAD59AD810}.Debug|ARM.ActiveCfg = Debug|Any CPU
		{A590FE7D-66EA-4A06-959B-4BFAD59AD810}.Debug|ARM.Build.0 = Debug|Any CPU
		{A590FE7D-66EA-4A06-959B-4BFAD59AD810}.Debug|x64.ActiveCfg = Debug|Any CPU
		{A590FE7D-66EA-4A06-959B-4BFAD59AD810}.Debug|x64.Build.0 = Debug|Any CPU
		{A590FE7D-66EA-4A06-959B-4BFAD59AD810}.Debug|x86.ActiveCfg = Debug|Any CPU
		{A590FE7D-66EA-4A06-959B-4BFAD59AD810}.Debug|x86.Build.0 = Debug|Any CPU
		{A590FE7D-66EA-4A06-959B-4BFAD59AD810}.Release|Any CPU.ActiveCfg = Release|Any CPU
		{A590FE7D-66EA-4A06-959B-4BFAD59AD810}.Release|Any CPU.Build.0 = Release|Any CPU
		{A590FE7D-66EA-4A06-959B-4BFAD59AD810}.Release|ARM.ActiveCfg = Release|Any CPU
		{A590FE7D-66EA-4A06-959B-4BFAD59AD810}.Release|ARM.Build.0 = Release|Any CPU
		{A590FE7D-66EA-4A06-959B-4BFAD59AD810}.Release|x64.ActiveCfg = Release|Any CPU
		{A590FE7D-66EA-4A06-959B-4BFAD59AD810}.Release|x64.Build.0 = Release|Any CPU
		{A590FE7D-66EA-4A06-959B-4BFAD59AD810}.Release|x86.ActiveCfg = Release|Any CPU
		{A590FE7D-66EA-4A06-959B-4BFAD59AD810}.Release|x86.Build.0 = Release|Any CPU
		{3DBDFEA2-DDB9-418B-8258-11F5D1B2704A}.Debug|Any CPU.ActiveCfg = Debug|Any CPU
		{3DBDFEA2-DDB9-418B-8258-11F5D1B2704A}.Debug|Any CPU.Build.0 = Debug|Any CPU
		{3DBDFEA2-DDB9-418B-8258-11F5D1B2704A}.Debug|ARM.ActiveCfg = Debug|Any CPU
		{3DBDFEA2-DDB9-418B-8258-11F5D1B2704A}.Debug|ARM.Build.0 = Debug|Any CPU
		{3DBDFEA2-DDB9-418B-8258-11F5D1B2704A}.Debug|x64.ActiveCfg = Debug|Any CPU
		{3DBDFEA2-DDB9-418B-8258-11F5D1B2704A}.Debug|x64.Build.0 = Debug|Any CPU
		{3DBDFEA2-DDB9-418B-8258-11F5D1B2704A}.Debug|x86.ActiveCfg = Debug|Any CPU
		{3DBDFEA2-DDB9-418B-8258-11F5D1B2704A}.Debug|x86.Build.0 = Debug|Any CPU
		{3DBDFEA2-DDB9-418B-8258-11F5D1B2704A}.Release|Any CPU.ActiveCfg = Release|Any CPU
		{3DBDFEA2-DDB9-418B-8258-11F5D1B2704A}.Release|Any CPU.Build.0 = Release|Any CPU
		{3DBDFEA2-DDB9-418B-8258-11F5D1B2704A}.Release|ARM.ActiveCfg = Release|Any CPU
		{3DBDFEA2-DDB9-418B-8258-11F5D1B2704A}.Release|ARM.Build.0 = Release|Any CPU
		{3DBDFEA2-DDB9-418B-8258-11F5D1B2704A}.Release|x64.ActiveCfg = Release|Any CPU
		{3DBDFEA2-DDB9-418B-8258-11F5D1B2704A}.Release|x64.Build.0 = Release|Any CPU
		{3DBDFEA2-DDB9-418B-8258-11F5D1B2704A}.Release|x86.ActiveCfg = Release|Any CPU
		{3DBDFEA2-DDB9-418B-8258-11F5D1B2704A}.Release|x86.Build.0 = Release|Any CPU
		{D40F2098-4197-4632-8BEE-B939529B11A7}.Debug|Any CPU.ActiveCfg = Debug|Any CPU
		{D40F2098-4197-4632-8BEE-B939529B11A7}.Debug|Any CPU.Build.0 = Debug|Any CPU
		{D40F2098-4197-4632-8BEE-B939529B11A7}.Debug|ARM.ActiveCfg = Debug|Any CPU
		{D40F2098-4197-4632-8BEE-B939529B11A7}.Debug|ARM.Build.0 = Debug|Any CPU
		{D40F2098-4197-4632-8BEE-B939529B11A7}.Debug|x64.ActiveCfg = Debug|Any CPU
		{D40F2098-4197-4632-8BEE-B939529B11A7}.Debug|x64.Build.0 = Debug|Any CPU
		{D40F2098-4197-4632-8BEE-B939529B11A7}.Debug|x86.ActiveCfg = Debug|Any CPU
		{D40F2098-4197-4632-8BEE-B939529B11A7}.Debug|x86.Build.0 = Debug|Any CPU
		{D40F2098-4197-4632-8BEE-B939529B11A7}.Release|Any CPU.ActiveCfg = Release|Any CPU
		{D40F2098-4197-4632-8BEE-B939529B11A7}.Release|Any CPU.Build.0 = Release|Any CPU
		{D40F2098-4197-4632-8BEE-B939529B11A7}.Release|ARM.ActiveCfg = Release|Any CPU
		{D40F2098-4197-4632-8BEE-B939529B11A7}.Release|ARM.Build.0 = Release|Any CPU
		{D40F2098-4197-4632-8BEE-B939529B11A7}.Release|x64.ActiveCfg = Release|Any CPU
		{D40F2098-4197-4632-8BEE-B939529B11A7}.Release|x64.Build.0 = Release|Any CPU
		{D40F2098-4197-4632-8BEE-B939529B11A7}.Release|x86.ActiveCfg = Release|Any CPU
		{D40F2098-4197-4632-8BEE-B939529B11A7}.Release|x86.Build.0 = Release|Any CPU
		{97375FB4-0354-4A71-89D2-85C04C721993}.Debug|Any CPU.ActiveCfg = Debug|Any CPU
		{97375FB4-0354-4A71-89D2-85C04C721993}.Debug|Any CPU.Build.0 = Debug|Any CPU
		{97375FB4-0354-4A71-89D2-85C04C721993}.Debug|ARM.ActiveCfg = Debug|Any CPU
		{97375FB4-0354-4A71-89D2-85C04C721993}.Debug|ARM.Build.0 = Debug|Any CPU
		{97375FB4-0354-4A71-89D2-85C04C721993}.Debug|x64.ActiveCfg = Debug|Any CPU
		{97375FB4-0354-4A71-89D2-85C04C721993}.Debug|x64.Build.0 = Debug|Any CPU
		{97375FB4-0354-4A71-89D2-85C04C721993}.Debug|x86.ActiveCfg = Debug|Any CPU
		{97375FB4-0354-4A71-89D2-85C04C721993}.Debug|x86.Build.0 = Debug|Any CPU
		{97375FB4-0354-4A71-89D2-85C04C721993}.Release|Any CPU.ActiveCfg = Release|Any CPU
		{97375FB4-0354-4A71-89D2-85C04C721993}.Release|Any CPU.Build.0 = Release|Any CPU
		{97375FB4-0354-4A71-89D2-85C04C721993}.Release|ARM.ActiveCfg = Release|Any CPU
		{97375FB4-0354-4A71-89D2-85C04C721993}.Release|ARM.Build.0 = Release|Any CPU
		{97375FB4-0354-4A71-89D2-85C04C721993}.Release|x64.ActiveCfg = Release|Any CPU
		{97375FB4-0354-4A71-89D2-85C04C721993}.Release|x64.Build.0 = Release|Any CPU
		{97375FB4-0354-4A71-89D2-85C04C721993}.Release|x86.ActiveCfg = Release|Any CPU
		{97375FB4-0354-4A71-89D2-85C04C721993}.Release|x86.Build.0 = Release|Any CPU
		{C5E72C5C-731A-4184-989B-E8FCB9AD3412}.Debug|Any CPU.ActiveCfg = Debug|x64
		{C5E72C5C-731A-4184-989B-E8FCB9AD3412}.Debug|Any CPU.Build.0 = Debug|x64
		{C5E72C5C-731A-4184-989B-E8FCB9AD3412}.Debug|Any CPU.Deploy.0 = Debug|x64
		{C5E72C5C-731A-4184-989B-E8FCB9AD3412}.Debug|ARM.ActiveCfg = Debug|ARM
		{C5E72C5C-731A-4184-989B-E8FCB9AD3412}.Debug|ARM.Build.0 = Debug|ARM
		{C5E72C5C-731A-4184-989B-E8FCB9AD3412}.Debug|ARM.Deploy.0 = Debug|ARM
		{C5E72C5C-731A-4184-989B-E8FCB9AD3412}.Debug|x64.ActiveCfg = Debug|x64
		{C5E72C5C-731A-4184-989B-E8FCB9AD3412}.Debug|x64.Build.0 = Debug|x64
		{C5E72C5C-731A-4184-989B-E8FCB9AD3412}.Debug|x64.Deploy.0 = Debug|x64
		{C5E72C5C-731A-4184-989B-E8FCB9AD3412}.Debug|x86.ActiveCfg = Debug|x86
		{C5E72C5C-731A-4184-989B-E8FCB9AD3412}.Debug|x86.Build.0 = Debug|x86
		{C5E72C5C-731A-4184-989B-E8FCB9AD3412}.Debug|x86.Deploy.0 = Debug|x86
		{C5E72C5C-731A-4184-989B-E8FCB9AD3412}.Release|Any CPU.ActiveCfg = Release|x64
		{C5E72C5C-731A-4184-989B-E8FCB9AD3412}.Release|Any CPU.Build.0 = Release|x64
		{C5E72C5C-731A-4184-989B-E8FCB9AD3412}.Release|Any CPU.Deploy.0 = Release|x64
		{C5E72C5C-731A-4184-989B-E8FCB9AD3412}.Release|ARM.ActiveCfg = Release|ARM
		{C5E72C5C-731A-4184-989B-E8FCB9AD3412}.Release|ARM.Build.0 = Release|ARM
		{C5E72C5C-731A-4184-989B-E8FCB9AD3412}.Release|ARM.Deploy.0 = Release|ARM
		{C5E72C5C-731A-4184-989B-E8FCB9AD3412}.Release|x64.ActiveCfg = Release|x64
		{C5E72C5C-731A-4184-989B-E8FCB9AD3412}.Release|x64.Build.0 = Release|x64
		{C5E72C5C-731A-4184-989B-E8FCB9AD3412}.Release|x64.Deploy.0 = Release|x64
		{C5E72C5C-731A-4184-989B-E8FCB9AD3412}.Release|x86.ActiveCfg = Release|x86
		{C5E72C5C-731A-4184-989B-E8FCB9AD3412}.Release|x86.Build.0 = Release|x86
		{C5E72C5C-731A-4184-989B-E8FCB9AD3412}.Release|x86.Deploy.0 = Release|x86
		{4D74D11A-CD12-471F-AC7E-4ED10AC0758C}.Debug|Any CPU.ActiveCfg = Debug|Any CPU
		{4D74D11A-CD12-471F-AC7E-4ED10AC0758C}.Debug|Any CPU.Build.0 = Debug|Any CPU
		{4D74D11A-CD12-471F-AC7E-4ED10AC0758C}.Debug|ARM.ActiveCfg = Debug|Any CPU
		{4D74D11A-CD12-471F-AC7E-4ED10AC0758C}.Debug|ARM.Build.0 = Debug|Any CPU
		{4D74D11A-CD12-471F-AC7E-4ED10AC0758C}.Debug|x64.ActiveCfg = Debug|Any CPU
		{4D74D11A-CD12-471F-AC7E-4ED10AC0758C}.Debug|x64.Build.0 = Debug|Any CPU
		{4D74D11A-CD12-471F-AC7E-4ED10AC0758C}.Debug|x86.ActiveCfg = Debug|Any CPU
		{4D74D11A-CD12-471F-AC7E-4ED10AC0758C}.Debug|x86.Build.0 = Debug|Any CPU
		{4D74D11A-CD12-471F-AC7E-4ED10AC0758C}.Release|Any CPU.ActiveCfg = Release|Any CPU
		{4D74D11A-CD12-471F-AC7E-4ED10AC0758C}.Release|Any CPU.Build.0 = Release|Any CPU
		{4D74D11A-CD12-471F-AC7E-4ED10AC0758C}.Release|ARM.ActiveCfg = Release|Any CPU
		{4D74D11A-CD12-471F-AC7E-4ED10AC0758C}.Release|ARM.Build.0 = Release|Any CPU
		{4D74D11A-CD12-471F-AC7E-4ED10AC0758C}.Release|x64.ActiveCfg = Release|Any CPU
		{4D74D11A-CD12-471F-AC7E-4ED10AC0758C}.Release|x64.Build.0 = Release|Any CPU
		{4D74D11A-CD12-471F-AC7E-4ED10AC0758C}.Release|x86.ActiveCfg = Release|Any CPU
		{4D74D11A-CD12-471F-AC7E-4ED10AC0758C}.Release|x86.Build.0 = Release|Any CPU
		{CCB0E993-2DFE-4C01-951E-B2225EB73D10}.Debug|Any CPU.ActiveCfg = Debug|Any CPU
		{CCB0E993-2DFE-4C01-951E-B2225EB73D10}.Debug|Any CPU.Build.0 = Debug|Any CPU
		{CCB0E993-2DFE-4C01-951E-B2225EB73D10}.Debug|ARM.ActiveCfg = Debug|Any CPU
		{CCB0E993-2DFE-4C01-951E-B2225EB73D10}.Debug|ARM.Build.0 = Debug|Any CPU
		{CCB0E993-2DFE-4C01-951E-B2225EB73D10}.Debug|x64.ActiveCfg = Debug|Any CPU
		{CCB0E993-2DFE-4C01-951E-B2225EB73D10}.Debug|x64.Build.0 = Debug|Any CPU
		{CCB0E993-2DFE-4C01-951E-B2225EB73D10}.Debug|x86.ActiveCfg = Debug|Any CPU
		{CCB0E993-2DFE-4C01-951E-B2225EB73D10}.Debug|x86.Build.0 = Debug|Any CPU
		{CCB0E993-2DFE-4C01-951E-B2225EB73D10}.Release|Any CPU.ActiveCfg = Release|Any CPU
		{CCB0E993-2DFE-4C01-951E-B2225EB73D10}.Release|Any CPU.Build.0 = Release|Any CPU
		{CCB0E993-2DFE-4C01-951E-B2225EB73D10}.Release|ARM.ActiveCfg = Release|Any CPU
		{CCB0E993-2DFE-4C01-951E-B2225EB73D10}.Release|ARM.Build.0 = Release|Any CPU
		{CCB0E993-2DFE-4C01-951E-B2225EB73D10}.Release|x64.ActiveCfg = Release|Any CPU
		{CCB0E993-2DFE-4C01-951E-B2225EB73D10}.Release|x64.Build.0 = Release|Any CPU
		{CCB0E993-2DFE-4C01-951E-B2225EB73D10}.Release|x86.ActiveCfg = Release|Any CPU
		{CCB0E993-2DFE-4C01-951E-B2225EB73D10}.Release|x86.Build.0 = Release|Any CPU
		{560CF6E0-71F4-41FE-A4FE-5CADC72A8F0D}.Debug|Any CPU.ActiveCfg = Debug|Any CPU
		{560CF6E0-71F4-41FE-A4FE-5CADC72A8F0D}.Debug|Any CPU.Build.0 = Debug|Any CPU
		{560CF6E0-71F4-41FE-A4FE-5CADC72A8F0D}.Debug|ARM.ActiveCfg = Debug|Any CPU
		{560CF6E0-71F4-41FE-A4FE-5CADC72A8F0D}.Debug|ARM.Build.0 = Debug|Any CPU
		{560CF6E0-71F4-41FE-A4FE-5CADC72A8F0D}.Debug|x64.ActiveCfg = Debug|Any CPU
		{560CF6E0-71F4-41FE-A4FE-5CADC72A8F0D}.Debug|x64.Build.0 = Debug|Any CPU
		{560CF6E0-71F4-41FE-A4FE-5CADC72A8F0D}.Debug|x86.ActiveCfg = Debug|Any CPU
		{560CF6E0-71F4-41FE-A4FE-5CADC72A8F0D}.Debug|x86.Build.0 = Debug|Any CPU
		{560CF6E0-71F4-41FE-A4FE-5CADC72A8F0D}.Release|Any CPU.ActiveCfg = Release|Any CPU
		{560CF6E0-71F4-41FE-A4FE-5CADC72A8F0D}.Release|Any CPU.Build.0 = Release|Any CPU
		{560CF6E0-71F4-41FE-A4FE-5CADC72A8F0D}.Release|ARM.ActiveCfg = Release|Any CPU
		{560CF6E0-71F4-41FE-A4FE-5CADC72A8F0D}.Release|ARM.Build.0 = Release|Any CPU
		{560CF6E0-71F4-41FE-A4FE-5CADC72A8F0D}.Release|x64.ActiveCfg = Release|Any CPU
		{560CF6E0-71F4-41FE-A4FE-5CADC72A8F0D}.Release|x64.Build.0 = Release|Any CPU
		{560CF6E0-71F4-41FE-A4FE-5CADC72A8F0D}.Release|x86.ActiveCfg = Release|Any CPU
		{560CF6E0-71F4-41FE-A4FE-5CADC72A8F0D}.Release|x86.Build.0 = Release|Any CPU
		{03830794-11B6-47D9-BD15-96F85E2EE392}.Debug|Any CPU.ActiveCfg = Debug|Any CPU
		{03830794-11B6-47D9-BD15-96F85E2EE392}.Debug|Any CPU.Build.0 = Debug|Any CPU
		{03830794-11B6-47D9-BD15-96F85E2EE392}.Debug|ARM.ActiveCfg = Debug|Any CPU
		{03830794-11B6-47D9-BD15-96F85E2EE392}.Debug|ARM.Build.0 = Debug|Any CPU
		{03830794-11B6-47D9-BD15-96F85E2EE392}.Debug|x64.ActiveCfg = Debug|Any CPU
		{03830794-11B6-47D9-BD15-96F85E2EE392}.Debug|x64.Build.0 = Debug|Any CPU
		{03830794-11B6-47D9-BD15-96F85E2EE392}.Debug|x86.ActiveCfg = Debug|Any CPU
		{03830794-11B6-47D9-BD15-96F85E2EE392}.Debug|x86.Build.0 = Debug|Any CPU
		{03830794-11B6-47D9-BD15-96F85E2EE392}.Release|Any CPU.ActiveCfg = Release|Any CPU
		{03830794-11B6-47D9-BD15-96F85E2EE392}.Release|Any CPU.Build.0 = Release|Any CPU
		{03830794-11B6-47D9-BD15-96F85E2EE392}.Release|ARM.ActiveCfg = Release|Any CPU
		{03830794-11B6-47D9-BD15-96F85E2EE392}.Release|ARM.Build.0 = Release|Any CPU
		{03830794-11B6-47D9-BD15-96F85E2EE392}.Release|x64.ActiveCfg = Release|Any CPU
		{03830794-11B6-47D9-BD15-96F85E2EE392}.Release|x64.Build.0 = Release|Any CPU
		{03830794-11B6-47D9-BD15-96F85E2EE392}.Release|x86.ActiveCfg = Release|Any CPU
		{03830794-11B6-47D9-BD15-96F85E2EE392}.Release|x86.Build.0 = Release|Any CPU
	EndGlobalSection
	GlobalSection(SolutionProperties) = preSolution
		HideSolutionNode = FALSE
	EndGlobalSection
	GlobalSection(ExtensibilityGlobals) = postSolution
		SolutionGuid = {37FB2440-06D3-42E1-AD0C-F91DB363536E}
	EndGlobalSection
EndGlobal
